
Microsoft Visual Studio Solution File, Format Version 12.00
# Visual Studio Version 16
VisualStudioVersion = 16.0.31205.134
MinimumVisualStudioVersion = 10.0.40219.1
Project("{FAE04EC0-301F-11D3-BF4B-00C04F79EFBC}") = "BlogsNTags.API", "BlogsNTags.API\BlogsNTags.API.csproj", "{2ADFDBE6-CB28-495D-90F2-48E75ECDED11}"
EndProject
Project("{FAE04EC0-301F-11D3-BF4B-00C04F79EFBC}") = "BlogsNTags.Database", "BlogsNTags.Database\BlogsNTags.Database.csproj", "{C3755734-F246-4A49-9725-7689D29994E4}"
EndProject
Project("{FAE04EC0-301F-11D3-BF4B-00C04F79EFBC}") = "BlogsNTags.Services", "BlogsNTags.Services\BlogsNTags.Services.csproj", "{4CBA1475-390A-486E-8999-DB1FB46D04C1}"
EndProject
Project("{FAE04EC0-301F-11D3-BF4B-00C04F79EFBC}") = "BlogsNTags.SharedModels", "BlogsNTags.SharedModels\BlogsNTags.SharedModels.csproj", "{20D314BF-7D0E-4846-B98C-150CE77A4A42}"
EndProject
Global
	GlobalSection(SolutionConfigurationPlatforms) = preSolution
		Debug|Any CPU = Debug|Any CPU
		Release|Any CPU = Release|Any CPU
	EndGlobalSection
	GlobalSection(ProjectConfigurationPlatforms) = postSolution
		{2ADFDBE6-CB28-495D-90F2-48E75ECDED11}.Debug|Any CPU.ActiveCfg = Debug|Any CPU
		{2ADFDBE6-CB28-495D-90F2-48E75ECDED11}.Debug|Any CPU.Build.0 = Debug|Any CPU
		{2ADFDBE6-CB28-495D-90F2-48E75ECDED11}.Release|Any CPU.ActiveCfg = Release|Any CPU
		{2ADFDBE6-CB28-495D-90F2-48E75ECDED11}.Release|Any CPU.Build.0 = Release|Any CPU
		{C3755734-F246-4A49-9725-7689D29994E4}.Debug|Any CPU.ActiveCfg = Debug|Any CPU
		{C3755734-F246-4A49-9725-7689D29994E4}.Debug|Any CPU.Build.0 = Debug|Any CPU
		{C3755734-F246-4A49-9725-7689D29994E4}.Release|Any CPU.ActiveCfg = Release|Any CPU
		{C3755734-F246-4A49-9725-7689D29994E4}.Release|Any CPU.Build.0 = Release|Any CPU
		{4CBA1475-390A-486E-8999-DB1FB46D04C1}.Debug|Any CPU.ActiveCfg = Debug|Any CPU
		{4CBA1475-390A-486E-8999-DB1FB46D04C1}.Debug|Any CPU.Build.0 = Debug|Any CPU
		{4CBA1475-390A-486E-8999-DB1FB46D04C1}.Release|Any CPU.ActiveCfg = Release|Any CPU
		{4CBA1475-390A-486E-8999-DB1FB46D04C1}.Release|Any CPU.Build.0 = Release|Any CPU
		{20D314BF-7D0E-4846-B98C-150CE77A4A42}.Debug|Any CPU.ActiveCfg = Debug|Any CPU
		{20D314BF-7D0E-4846-B98C-150CE77A4A42}.Debug|Any CPU.Build.0 = Debug|Any CPU
		{20D314BF-7D0E-4846-B98C-150CE77A4A42}.Release|Any CPU.ActiveCfg = Release|Any CPU
		{20D314BF-7D0E-4846-B98C-150CE77A4A42}.Release|Any CPU.Build.0 = Release|Any CPU
	EndGlobalSection
	GlobalSection(SolutionProperties) = preSolution
		HideSolutionNode = FALSE
	EndGlobalSection
	GlobalSection(ExtensibilityGlobals) = postSolution
		SolutionGuid = {9202D9ED-2879-4C13-8C65-1E39CFE681BF}
	EndGlobalSection
EndGlobal
